// !$*UTF8*$!
{
	archiveVersion = 1;
	classes = {
	};
	objectVersion = 56;
	objects = {

/* Begin PBXBuildFile section */
		A0BB000100000000000001 /* YamahaControllerApp.swift in Sources */ = {isa = PBXBuildFile; fileRef = A0BC000100000000000001 /* YamahaControllerApp.swift */; };
		A0BB000200000000000001 /* AppDelegate.swift in Sources */ = {isa = PBXBuildFile; fileRef = A0BC000200000000000001 /* AppDelegate.swift */; };
		A0BB000300000000000001 /* PopoverView.swift in Sources */ = {isa = PBXBuildFile; fileRef = A0BC000300000000000001 /* PopoverView.swift */; };
		A0BB000400000000000001 /* StatusSectionView.swift in Sources */ = {isa = PBXBuildFile; fileRef = A0BC000400000000000001 /* StatusSectionView.swift */; };
		A0BB000500000000000001 /* MorningAlarmView.swift in Sources */ = {isa = PBXBuildFile; fileRef = A0BC000500000000000001 /* MorningAlarmView.swift */; };
		A0BB000600000000000001 /* AutoOffView.swift in Sources */ = {isa = PBXBuildFile; fileRef = A0BC000600000000000001 /* AutoOffView.swift */; };
		A0BB000700000000000001 /* ManualControlsView.swift in Sources */ = {isa = PBXBuildFile; fileRef = A0BC000700000000000001 /* ManualControlsView.swift */; };
		A0BB000800000000000001 /* SettingsView.swift in Sources */ = {isa = PBXBuildFile; fileRef = A0BC000800000000000001 /* SettingsView.swift */; };
		A0BB000900000000000001 /* YamahaSettings.swift in Sources */ = {isa = PBXBuildFile; fileRef = A0BC000900000000000001 /* YamahaSettings.swift */; };
		A0BB000A00000000000001 /* YamahaAPIService.swift in Sources */ = {isa = PBXBuildFile; fileRef = A0BC000A00000000000001 /* YamahaAPIService.swift */; };
		A0BB000B00000000000001 /* SchedulerService.swift in Sources */ = {isa = PBXBuildFile; fileRef = A0BC000B00000000000001 /* SchedulerService.swift */; };
		A0BB000C00000000000001 /* Assets.xcassets in Resources */ = {isa = PBXBuildFile; fileRef = A0BC000C00000000000001 /* Assets.xcassets */; };
/* End PBXBuildFile section */

/* Begin PBXFileReference section */
		A0BC000000000000000001 /* YamahaController.app */ = {isa = PBXFileReference; explicitFileType = wrapper.application; includeInIndex = 0; path = "Yamaha Controller.app"; sourceTree = BUILT_PRODUCTS_DIR; };
		A0BC000100000000000001 /* YamahaControllerApp.swift */ = {isa = PBXFileReference; lastKnownFileType = sourcecode.swift; path = YamahaControllerApp.swift; sourceTree = "<group>"; };
		A0BC000200000000000001 /* AppDelegate.swift */ = {isa = PBXFileReference; lastKnownFileType = sourcecode.swift; path = AppDelegate.swift; sourceTree = "<group>"; };
		A0BC000300000000000001 /* PopoverView.swift */ = {isa = PBXFileReference; lastKnownFileType = sourcecode.swift; path = PopoverView.swift; sourceTree = "<group>"; };
		A0BC000400000000000001 /* StatusSectionView.swift */ = {isa = PBXFileReference; lastKnownFileType = sourcecode.swift; path = StatusSectionView.swift; sourceTree = "<group>"; };
		A0BC000500000000000001 /* MorningAlarmView.swift */ = {isa = PBXFileReference; lastKnownFileType = sourcecode.swift; path = MorningAlarmView.swift; sourceTree = "<group>"; };
		A0BC000600000000000001 /* AutoOffView.swift */ = {isa = PBXFileReference; lastKnownFileType = sourcecode.swift; path = AutoOffView.swift; sourceTree = "<group>"; };
		A0BC000700000000000001 /* ManualControlsView.swift */ = {isa = PBXFileReference; lastKnownFileType = sourcecode.swift; path = ManualControlsView.swift; sourceTree = "<group>"; };
		A0BC000800000000000001 /* SettingsView.swift */ = {isa = PBXFileReference; lastKnownFileType = sourcecode.swift; path = SettingsView.swift; sourceTree = "<group>"; };
		A0BC000900000000000001 /* YamahaSettings.swift */ = {isa = PBXFileReference; lastKnownFileType = sourcecode.swift; path = YamahaSettings.swift; sourceTree = "<group>"; };
		A0BC000A00000000000001 /* YamahaAPIService.swift */ = {isa = PBXFileReference; lastKnownFileType = sourcecode.swift; path = YamahaAPIService.swift; sourceTree = "<group>"; };
		A0BC000B00000000000001 /* SchedulerService.swift */ = {isa = PBXFileReference; lastKnownFileType = sourcecode.swift; path = SchedulerService.swift; sourceTree = "<group>"; };
		A0BC000C00000000000001 /* Assets.xcassets */ = {isa = PBXFileReference; lastKnownFileType = folder.assetcatalog; path = Assets.xcassets; sourceTree = "<group>"; };
		A0BC000D00000000000001 /* Info.plist */ = {isa = PBXFileReference; lastKnownFileType = text.plist.xml; path = Info.plist; sourceTree = "<group>"; };
		A0BC000E00000000000001 /* YamahaController.entitlements */ = {isa = PBXFileReference; lastKnownFileType = text.plist.entitlements; path = YamahaController.entitlements; sourceTree = "<group>"; };
/* End PBXFileReference section */

/* Begin PBXFrameworksBuildPhase section */
		A0DD000200000000000001 /* Frameworks */ = {
			isa = PBXFrameworksBuildPhase;
			buildActionMask = 2147483647;
			files = (
			);
			runOnlyForDeploymentPostprocessing = 0;
		};
/* End PBXFrameworksBuildPhase section */

/* Begin PBXGroup section */
		A0AA000000000000000001 /* YamahaController */ = {
			isa = PBXGroup;
			children = (
				A0BC000100000000000001 /* YamahaControllerApp.swift */,
				A0BC000200000000000001 /* AppDelegate.swift */,
				A0AA000100000000000001 /* Views */,
				A0AA000200000000000001 /* Models */,
				A0AA000300000000000001 /* Services */,
				A0BC000C00000000000001 /* Assets.xcassets */,
				A0BC000D00000000000001 /* Info.plist */,
				A0BC000E00000000000001 /* YamahaController.entitlements */,
			);
			path = YamahaController;
			sourceTree = "<group>";
		};
		A0AA000100000000000001 /* Views */ = {
			isa = PBXGroup;
			children = (
				A0BC000300000000000001 /* PopoverView.swift */,
				A0BC000400000000000001 /* StatusSectionView.swift */,
				A0BC000500000000000001 /* MorningAlarmView.swift */,
				A0BC000600000000000001 /* AutoOffView.swift */,
				A0BC000700000000000001 /* ManualControlsView.swift */,
				A0BC000800000000000001 /* SettingsView.swift */,
			);
			path = Views;
			sourceTree = "<group>";
		};
		A0AA000200000000000001 /* Models */ = {
			isa = PBXGroup;
			children = (
				A0BC000900000000000001 /* YamahaSettings.swift */,
			);
			path = Models;
			sourceTree = "<group>";
		};
		A0AA000300000000000001 /* Services */ = {
			isa = PBXGroup;
			children = (
				A0BC000A00000000000001 /* YamahaAPIService.swift */,
				A0BC000B00000000000001 /* SchedulerService.swift */,
			);
			path = Services;
			sourceTree = "<group>";
		};
		A0AA000500000000000001 /* Products */ = {
			isa = PBXGroup;
			children = (
				A0BC000000000000000001 /* YamahaController.app */,
			);
			name = Products;
			sourceTree = "<group>";
		};
		A0AA000F00000000000001 /* MainGroup */ = {
			isa = PBXGroup;
			children = (
				A0AA000000000000000001 /* YamahaController */,
				A0AA000500000000000001 /* Products */,
			);
			sourceTree = "<group>";
		};
/* End PBXGroup section */

/* Begin PBXNativeTarget section */
		A0FF000100000000000001 /* YamahaController */ = {
			isa = PBXNativeTarget;
			buildConfigurationList = A0EE001000000000000001 /* Build configuration list for PBXNativeTarget "YamahaController" */;
			buildPhases = (
				A0DD000100000000000001 /* Sources */,
				A0DD000200000000000001 /* Frameworks */,
				A0DD000300000000000001 /* Resources */,
			);
			buildRules = (
			);
			dependencies = (
			);
			name = YamahaController;
			productName = "Yamaha Controller";
			productReference = A0BC000000000000000001 /* YamahaController.app */;
			productType = "com.apple.product-type.application";
		};
/* End PBXNativeTarget section */

/* Begin PBXProject section */
		A0000000000000000000001 /* Project object */ = {
			isa = PBXProject;
			attributes = {
				BuildIndependentTargetsInParallel = 1;
				LastSwiftUpdateCheck = 1400;
				LastUpgradeCheck = 1400;
				TargetAttributes = {
					A0FF000100000000000001 = {
						CreatedOnToolsVersion = 14.0;
					};
				};
			};
			buildConfigurationList = A0EE000F00000000000001 /* Build configuration list for PBXProject "YamahaController" */;
			compatibilityVersion = "Xcode 14.0";
			developmentRegion = en;
			hasScannedForEncodings = 0;
			knownRegions = (
				en,
				Base,
			);
			mainGroup = A0AA000F00000000000001;
			productRefGroup = A0AA000500000000000001 /* Products */;
			projectDirPath = "";
			projectRoot = "";
			targets = (
				A0FF000100000000000001 /* YamahaController */,
			);
		};
/* End PBXProject section */

/* Begin PBXResourcesBuildPhase section */
		A0DD000300000000000001 /* Resources */ = {
			isa = PBXResourcesBuildPhase;
			buildActionMask = 2147483647;
			files = (
				A0BB000C00000000000001 /* Assets.xcassets in Resources */,
			);
			runOnlyForDeploymentPostprocessing = 0;
		};
/* End PBXResourcesBuildPhase section */

/* Begin PBXSourcesBuildPhase section */
		A0DD000100000000000001 /* Sources */ = {
			isa = PBXSourcesBuildPhase;
			buildActionMask = 2147483647;
			files = (
				A0BB000100000000000001 /* YamahaControllerApp.swift in Sources */,
				A0BB000200000000000001 /* AppDelegate.swift in Sources */,
				A0BB000300000000000001 /* PopoverView.swift in Sources */,
				A0BB000400000000000001 /* StatusSectionView.swift in Sources */,
				A0BB000500000000000001 /* MorningAlarmView.swift in Sources */,
				A0BB000600000000000001 /* AutoOffView.swift in Sources */,
				A0BB000700000000000001 /* ManualControlsView.swift in Sources */,
				A0BB000800000000000001 /* SettingsView.swift in Sources */,
				A0BB000900000000000001 /* YamahaSettings.swift in Sources */,
				A0BB000A00000000000001 /* YamahaAPIService.swift in Sources */,
				A0BB000B00000000000001 /* SchedulerService.swift in Sources */,
			);
			runOnlyForDeploymentPostprocessing = 0;
		};
/* End PBXSourcesBuildPhase section */

/* Begin XCBuildConfiguration section */
		A0EE000100000000000001 /* Debug */ = {
			isa = XCBuildConfiguration;
			buildSettings = {
				ALWAYS_SEARCH_USER_PATHS = NO;
				CLANG_ANALYZER_NONNULL = YES;
				CLANG_ANALYZER_NUMBER_OBJECT_CONVERSION = YES_AGGRESSIVE;
				CLANG_CXX_LANGUAGE_STANDARD = "gnu++20";
				CLANG_ENABLE_MODULES = YES;
				CLANG_ENABLE_OBJC_ARC = YES;
				CLANG_ENABLE_OBJC_WEAK = YES;
				CLANG_WARN_BLOCK_CAPTURE_AUTORELEASING = YES;
				CLANG_WARN_BOOL_CONVERSION = YES;
				CLANG_WARN_COMMA = YES;
				CLANG_WARN_CONSTANT_CONVERSION = YES;
				CLANG_WARN_DEPRECATED_OBJC_IMPLEMENTATIONS = YES;
				CLANG_WARN_DIRECT_OBJC_ISA_USAGE = YES_ERROR;
				CLANG_WARN_DOCUMENTATION_COMMENTS = YES;
				CLANG_WARN_EMPTY_BODY = YES;
				CLANG_WARN_ENUM_CONVERSION = YES;
				CLANG_WARN_INFINITE_RECURSION = YES;
				CLANG_WARN_INT_CONVERSION = YES;
				CLANG_WARN_NON_LITERAL_NULL_CONVERSION = YES;
				CLANG_WARN_OBJC_IMPLICIT_RETAIN_CYCLE = YES;
				CLANG_WARN_OBJC_LITERAL_CONVERSION = YES;
				CLANG_WARN_OBJC_ROOT_CLASS = YES_ERROR;
				CLANG_WARN_QUOTED_INCLUDE_IN_FRAMEWORK_HEADER = YES;
				CLANG_WARN_RANGE_LOOP_ANALYSIS = YES;
				CLANG_WARN_STRICT_PROTOTYPES = YES;
				CLANG_WARN_SUSPICIOUS_MOVE = YES;
				CLANG_WARN_UNGUARDED_AVAILABILITY = YES_AGGRESSIVE;
				CLANG_WARN_UNREACHABLE_CODE = YES;
				CLANG_WARN__DUPLICATE_METHOD_MATCH = YES;
				COPY_PHASE_STRIP = NO;
				DEBUG_INFORMATION_FORMAT = dwarf;
				ENABLE_STRICT_OBJC_MSGSEND = YES;
				ENABLE_TESTABILITY = YES;
				GCC_C_LANGUAGE_STANDARD = gnu11;
				GCC_DYNAMIC_NO_PIC = NO;
				GCC_NO_COMMON_BLOCKS = YES;
				GCC_OPTIMIZATION_LEVEL = 0;
				GCC_PREPROCESSOR_DEFINITIONS = (
					"DEBUG=1",
					"$(inherited)",
				);
				GCC_WARN_64_TO_32_BIT_CONVERSION = YES;
				GCC_WARN_ABOUT_RETURN_TYPE = YES_ERROR;
				GCC_WARN_UNDECLARED_SELECTOR = YES;
				GCC_WARN_UNINITIALIZED_AUTOS = YES_AGGRESSIVE;
				GCC_WARN_UNUSED_FUNCTION = YES;
				GCC_WARN_UNUSED_VARIABLE = YES;
				MACOSX_DEPLOYMENT_TARGET = 13.0;
				MTL_ENABLE_DEBUG_INFO = INCLUDE_SOURCE;
				MTL_FAST_MATH = YES;
				ONLY_ACTIVE_ARCH = YES;
				SDKROOT = macosx;
				SWIFT_ACTIVE_COMPILATION_CONDITIONS = DEBUG;
				SWIFT_OPTIMIZATION_LEVEL = "-Onone";
			};
			name = Debug;
		};
		A0EE000200000000000001 /* Release */ = {
			isa = XCBuildConfiguration;
			buildSettings = {
				ALWAYS_SEARCH_USER_PATHS = NO;
				CLANG_ANALYZER_NONNULL = YES;
				CLANG_ANALYZER_NUMBER_OBJECT_CONVERSION = YES_AGGRESSIVE;
				CLANG_CXX_LANGUAGE_STANDARD = "gnu++20";
				CLANG_ENABLE_MODULES = YES;
				CLANG_ENABLE_OBJC_ARC = YES;
				CLANG_ENABLE_OBJC_WEAK = YES;
				CLANG_WARN_BLOCK_CAPTURE_AUTORELEASING = YES;
				CLANG_WARN_BOOL_CONVERSION = YES;
				CLANG_WARN_COMMA = YES;
				CLANG_WARN_CONSTANT_CONVERSION = YES;
				CLANG_WARN_DEPRECATED_OBJC_IMPLEMENTATIONS = YES;
				CLANG_WARN_DIRECT_OBJC_ISA_USAGE = YES_ERROR;
				CLANG_WARN_DOCUMENTATION_COMMENTS = YES;
				CLANG_WARN_EMPTY_BODY = YES;
				CLANG_WARN_ENUM_CONVERSION = YES;
				CLANG_WARN_INFINITE_RECURSION = YES;
				CLANG_WARN_INT_CONVERSION = YES;
				CLANG_WARN_NON_LITERAL_NULL_CONVERSION = YES;
				CLANG_WARN_OBJC_IMPLICIT_RETAIN_CYCLE = YES;
				CLANG_WARN_OBJC_LITERAL_CONVERSION = YES;
				CLANG_WARN_OBJC_ROOT_CLASS = YES_ERROR;
				CLANG_WARN_QUOTED_INCLUDE_IN_FRAMEWORK_HEADER = YES;
				CLANG_WARN_RANGE_LOOP_ANALYSIS = YES;
				CLANG_WARN_STRICT_PROTOTYPES = YES;
				CLANG_WARN_SUSPICIOUS_MOVE = YES;
				CLANG_WARN_UNGUARDED_AVAILABILITY = YES_AGGRESSIVE;
				CLANG_WARN_UNREACHABLE_CODE = YES;
				CLANG_WARN__DUPLICATE_METHOD_MATCH = YES;
				COPY_PHASE_STRIP = NO;
				DEBUG_INFORMATION_FORMAT = "dwarf-with-dsym";
				ENABLE_NS_ASSERTIONS = NO;
				ENABLE_STRICT_OBJC_MSGSEND = YES;
				GCC_C_LANGUAGE_STANDARD = gnu11;
				GCC_NO_COMMON_BLOCKS = YES;
				GCC_WARN_64_TO_32_BIT_CONVERSION = YES;
				GCC_WARN_ABOUT_RETURN_TYPE = YES_ERROR;
				GCC_WARN_UNDECLARED_SELECTOR = YES;
				GCC_WARN_UNINITIALIZED_AUTOS = YES_AGGRESSIVE;
				GCC_WARN_UNUSED_FUNCTION = YES;
				GCC_WARN_UNUSED_VARIABLE = YES;
				MACOSX_DEPLOYMENT_TARGET = 13.0;
				MTL_ENABLE_DEBUG_INFO = NO;
				MTL_FAST_MATH = YES;
				SDKROOT = macosx;
				SWIFT_COMPILATION_MODE = wholemodule;
				SWIFT_OPTIMIZATION_LEVEL = "-O";
			};
			name = Release;
		};
		A0EE000300000000000001 /* Debug */ = {
			isa = XCBuildConfiguration;
			buildSettings = {
				ASSETCATALOG_COMPILER_APPICON_NAME = AppIcon;
				ASSETCATALOG_COMPILER_GLOBAL_ACCENT_COLOR_NAME = AccentColor;
				CODE_SIGN_ENTITLEMENTS = YamahaController/YamahaController.entitlements;
				CODE_SIGN_STYLE = Automatic;
				COMBINE_HIDPI_IMAGES = YES;
				CURRENT_PROJECT_VERSION = 1;
				DEVELOPMENT_TEAM = "";
				ENABLE_HARDENED_RUNTIME = YES;
				GENERATE_INFOPLIST_FILE = NO;
				INFOPLIST_FILE = YamahaController/Info.plist;
				LD_RUNPATH_SEARCH_PATHS = (
					"$(inherited)",
					"@executable_path/../Frameworks",
				);
				MARKETING_VERSION = 1.0;
				PRODUCT_BUNDLE_IDENTIFIER = com.yamaha-controller;
				PRODUCT_NAME = "Yamaha Controller";
				SWIFT_EMIT_LOC_STRINGS = YES;
				SWIFT_VERSION = 5.0;
			};
			name = Debug;
		};
		A0EE000400000000000001 /* Release */ = {
			isa = XCBuildConfiguration;
			buildSettings = {
				ASSETCATALOG_COMPILER_APPICON_NAME = AppIcon;
				ASSETCATALOG_COMPILER_GLOBAL_ACCENT_COLOR_NAME = AccentColor;
				CODE_SIGN_ENTITLEMENTS = YamahaController/YamahaController.entitlements;
				CODE_SIGN_STYLE = Automatic;
				COMBINE_HIDPI_IMAGES = YES;
				CURRENT_PROJECT_VERSION = 1;
				DEVELOPMENT_TEAM = "";
				ENABLE_HARDENED_RUNTIME = YES;
				GENERATE_INFOPLIST_FILE = NO;
				INFOPLIST_FILE = YamahaController/Info.plist;
				LD_RUNPATH_SEARCH_PATHS = (
					"$(inherited)",
					"@executable_path/../Frameworks",
				);
				MARKETING_VERSION = 1.0;
				PRODUCT_BUNDLE_IDENTIFIER = com.yamaha-controller;
				PRODUCT_NAME = "Yamaha Controller";
				SWIFT_EMIT_LOC_STRINGS = YES;
				SWIFT_VERSION = 5.0;
			};
			name = Release;
		};
/* End XCBuildConfiguration section */

/* Begin XCConfigurationList section */
		A0EE000F00000000000001 /* Build configuration list for PBXProject "YamahaController" */ = {
			isa = XCConfigurationList;
			buildConfigurations = (
				A0EE000100000000000001 /* Debug */,
				A0EE000200000000000001 /* Release */,
			);
			defaultConfigurationIsVisible = 0;
			defaultConfigurationName = Release;
		};
		A0EE001000000000000001 /* Build configuration list for PBXNativeTarget "YamahaController" */ = {
			isa = XCConfigurationList;
			buildConfigurations = (
				A0EE000300000000000001 /* Debug */,
				A0EE000400000000000001 /* Release */,
			);
			defaultConfigurationIsVisible = 0;
			defaultConfigurationName = Release;
		};
/* End XCConfigurationList section */
	};
	rootObject = A0000000000000000000001 /* Project object */;
}
